[[package]]
name = "ansi_term"
version = "0.8.0"
source = "registry+https://github.com/rust-lang/crates.io-index"

[[package]]
name = "ksp_helper"
version = "0.1.0"
dependencies = [
 "ansi_term 0.8.0 (registry+https://github.com/rust-lang/crates.io-index)",
]

[metadata]
"checksum ansi_term 0.8.0 (registry+https://github.com/rust-lang/crates.io-index)" = "c877397e09fec7a240af5fa74ad0124054b8066149d6544cd1ace93f8de3be68"
